
Microsoft Visual Studio Solution File, Format Version 12.00
# Visual Studio 15
VisualStudioVersion = 15.0.28307.572
MinimumVisualStudioVersion = 10.0.40219.1
Project("{FAE04EC0-301F-11D3-BF4B-00C04F79EFBC}") = "CallCodeBehindMethodsUsingJson", "CallCodeBehindMethodsUsingJson\CallCodeBehindMethodsUsingJson.csproj", "{561DD239-4E4F-4A74-B142-623A4EDD1320}"
EndProject
Global
	GlobalSection(SolutionConfigurationPlatforms) = preSolution
		Debug|Any CPU = Debug|Any CPU
		Release|Any CPU = Release|Any CPU
	EndGlobalSection
	GlobalSection(ProjectConfigurationPlatforms) = postSolution
		{561DD239-4E4F-4A74-B142-623A4EDD1320}.Debug|Any CPU.ActiveCfg = Debug|Any CPU
		{561DD239-4E4F-4A74-B142-623A4EDD1320}.Debug|Any CPU.Build.0 = Debug|Any CPU
		{561DD239-4E4F-4A74-B142-623A4EDD1320}.Release|Any CPU.ActiveCfg = Release|Any CPU
		{561DD239-4E4F-4A74-B142-623A4EDD1320}.Release|Any CPU.Build.0 = Release|Any CPU
	EndGlobalSection
	GlobalSection(SolutionProperties) = preSolution
		HideSolutionNode = FALSE
	EndGlobalSection
	GlobalSection(ExtensibilityGlobals) = postSolution
		SolutionGuid = {AC1BA9BC-9617-4193-9834-8519E9AD3110}
	EndGlobalSection
EndGlobal
